
Microsoft Visual Studio Solution File, Format Version 12.00
# Visual Studio Version 17
VisualStudioVersion = 17.14.36121.58 d17.14
MinimumVisualStudioVersion = 10.0.40219.1
Project("{FAE04EC0-301F-11D3-BF4B-00C04F79EFBC}") = "ConsoleApp", "ConsoleApp\ConsoleApp.csproj", "{CD40E2A6-E165-41B6-A8E1-673FA3514F7F}"
EndProject
Project("{FAE04EC0-301F-11D3-BF4B-00C04F79EFBC}") = "DAL", "DAL\DAL.csproj", "{1F2EFE39-9611-42BF-828D-44BF62B7851E}"
EndProject
Project("{FAE04EC0-301F-11D3-BF4B-00C04F79EFBC}") = "Models", "Models\Models.csproj", "{72AE8D21-39F9-47F9-A466-EBFF7487925D}"
EndProject
Global
	GlobalSection(SolutionConfigurationPlatforms) = preSolution
		Debug|Any CPU = Debug|Any CPU
		Release|Any CPU = Release|Any CPU
	EndGlobalSection
	GlobalSection(ProjectConfigurationPlatforms) = postSolution
		{CD40E2A6-E165-41B6-A8E1-673FA3514F7F}.Debug|Any CPU.ActiveCfg = Debug|Any CPU
		{CD40E2A6-E165-41B6-A8E1-673FA3514F7F}.Debug|Any CPU.Build.0 = Debug|Any CPU
		{CD40E2A6-E165-41B6-A8E1-673FA3514F7F}.Release|Any CPU.ActiveCfg = Release|Any CPU
		{CD40E2A6-E165-41B6-A8E1-673FA3514F7F}.Release|Any CPU.Build.0 = Release|Any CPU
		{1F2EFE39-9611-42BF-828D-44BF62B7851E}.Debug|Any CPU.ActiveCfg = Debug|Any CPU
		{1F2EFE39-9611-42BF-828D-44BF62B7851E}.Debug|Any CPU.Build.0 = Debug|Any CPU
		{1F2EFE39-9611-42BF-828D-44BF62B7851E}.Release|Any CPU.ActiveCfg = Release|Any CPU
		{1F2EFE39-9611-42BF-828D-44BF62B7851E}.Release|Any CPU.Build.0 = Release|Any CPU
		{72AE8D21-39F9-47F9-A466-EBFF7487925D}.Debug|Any CPU.ActiveCfg = Debug|Any CPU
		{72AE8D21-39F9-47F9-A466-EBFF7487925D}.Debug|Any CPU.Build.0 = Debug|Any CPU
		{72AE8D21-39F9-47F9-A466-EBFF7487925D}.Release|Any CPU.ActiveCfg = Release|Any CPU
		{72AE8D21-39F9-47F9-A466-EBFF7487925D}.Release|Any CPU.Build.0 = Release|Any CPU
	EndGlobalSection
	GlobalSection(SolutionProperties) = preSolution
		HideSolutionNode = FALSE
	EndGlobalSection
	GlobalSection(ExtensibilityGlobals) = postSolution
		SolutionGuid = {E4516A54-6A1F-4EAB-B73C-B7003B47710F}
	EndGlobalSection
EndGlobal
